
Microsoft Visual Studio Solution File, Format Version 12.00
# Visual Studio 15
VisualStudioVersion = 15.0.28307.489
MinimumVisualStudioVersion = 10.0.40219.1
Project("{FAE04EC0-301F-11D3-BF4B-00C04F79EFBC}") = "Fun Recommendations", "Fun Recommendations\Fun Recommendations.csproj", "{17D086FC-7231-4949-9A3F-1C646C014D22}"
EndProject
Global
	GlobalSection(SolutionConfigurationPlatforms) = preSolution
		Debug|Any CPU = Debug|Any CPU
		Release|Any CPU = Release|Any CPU
	EndGlobalSection
	GlobalSection(ProjectConfigurationPlatforms) = postSolution
		{17D086FC-7231-4949-9A3F-1C646C014D22}.Debug|Any CPU.ActiveCfg = Debug|Any CPU
		{17D086FC-7231-4949-9A3F-1C646C014D22}.Debug|Any CPU.Build.0 = Debug|Any CPU
		{17D086FC-7231-4949-9A3F-1C646C014D22}.Release|Any CPU.ActiveCfg = Release|Any CPU
		{17D086FC-7231-4949-9A3F-1C646C014D22}.Release|Any CPU.Build.0 = Release|Any CPU
	EndGlobalSection
	GlobalSection(SolutionProperties) = preSolution
		HideSolutionNode = FALSE
	EndGlobalSection
	GlobalSection(ExtensibilityGlobals) = postSolution
		SolutionGuid = {282BBEC7-095E-460F-AAC6-C7017145C1FD}
	EndGlobalSection
EndGlobal
